
Microsoft Visual Studio Solution File, Format Version 12.00
# Visual Studio Version 17
VisualStudioVersion = 17.11.35312.102
MinimumVisualStudioVersion = 10.0.40219.1
Project("{8BC9CEB8-8B4A-11D0-8D11-00A0C91BC942}") = "crownfall", "crownfall\crownfall.vcxproj", "{05F53A89-9D15-4AAF-AD12-498BF963F9C2}"
EndProject
Global
	GlobalSection(SolutionConfigurationPlatforms) = preSolution
		Debug|x64 = Debug|x64
		Debug|x86 = Debug|x86
		Release|x64 = Release|x64
		Release|x86 = Release|x86
	EndGlobalSection
	GlobalSection(ProjectConfigurationPlatforms) = postSolution
		{05F53A89-9D15-4AAF-AD12-498BF963F9C2}.Debug|x64.ActiveCfg = Debug|x64
		{05F53A89-9D15-4AAF-AD12-498BF963F9C2}.Debug|x64.Build.0 = Debug|x64
		{05F53A89-9D15-4AAF-AD12-498BF963F9C2}.Debug|x86.ActiveCfg = Debug|Win32
		{05F53A89-9D15-4AAF-AD12-498BF963F9C2}.Debug|x86.Build.0 = Debug|Win32
		{05F53A89-9D15-4AAF-AD12-498BF963F9C2}.Release|x64.ActiveCfg = Release|x64
		{05F53A89-9D15-4AAF-AD12-498BF963F9C2}.Release|x64.Build.0 = Release|x64
		{05F53A89-9D15-4AAF-AD12-498BF963F9C2}.Release|x86.ActiveCfg = Release|Win32
		{05F53A89-9D15-4AAF-AD12-498BF963F9C2}.Release|x86.Build.0 = Release|Win32
	EndGlobalSection
	GlobalSection(SolutionProperties) = preSolution
		HideSolutionNode = FALSE
	EndGlobalSection
	GlobalSection(ExtensibilityGlobals) = postSolution
		SolutionGuid = {A5EACB85-0C02-4903-8E63-98617B020CF9}
	EndGlobalSection
EndGlobal
